lockfileVersion: 5.3

importers:

  .:
    specifiers: {}

  ../../libs/lib-1:
    specifiers:
      typescript: 4.8.3
    devDependencies:
      typescript: 4.8.3

  ../../libs/lib-10:
    specifiers:
      typescript: 4.8.3
    devDependencies:
      typescript: 4.8.3

  ../../libs/lib-100:
    specifiers:
      typescript: 4.8.3
    devDependencies:
      typescript: 4.8.3

  ../../libs/lib-11:
    specifiers:
      typescript: 4.8.3
    devDependencies:
      typescript: 4.8.3

  ../../libs/lib-12:
    specifiers:
      typescript: 4.8.3
    devDependencies:
      typescript: 4.8.3

  ../../libs/lib-13:
    specifiers:
      typescript: 4.8.3
    devDependencies:
      typescript: 4.8.3

  ../../libs/lib-14:
    specifiers:
      typescript: 4.8.3
    devDependencies:
      typescript: 4.8.3

  ../../libs/lib-15:
    specifiers:
      typescript: 4.8.3
    devDependencies:
      typescript: 4.8.3

  ../../libs/lib-16:
    specifiers:
      typescript: 4.8.3
    devDependencies:
      typescript: 4.8.3

  ../../libs/lib-17:
    specifiers:
      typescript: 4.8.3
    devDependencies:
      typescript: 4.8.3

  ../../libs/lib-18:
    specifiers:
      typescript: 4.8.3
    devDependencies:
      typescript: 4.8.3

  ../../libs/lib-19:
    specifiers:
      typescript: 4.8.3
    devDependencies:
      typescript: 4.8.3

  ../../libs/lib-2:
    specifiers:
      typescript: 4.8.3
    devDependencies:
      typescript: 4.8.3

  ../../libs/lib-20:
    specifiers:
      typescript: 4.8.3
    devDependencies:
      typescript: 4.8.3

  ../../libs/lib-21:
    specifiers:
      typescript: 4.8.3
    devDependencies:
      typescript: 4.8.3

  ../../libs/lib-22:
    specifiers:
      typescript: 4.8.3
    devDependencies:
      typescript: 4.8.3

  ../../libs/lib-23:
    specifiers:
      typescript: 4.8.3
    devDependencies:
      typescript: 4.8.3

  ../../libs/lib-24:
    specifiers:
      typescript: 4.8.3
    devDependencies:
      typescript: 4.8.3

  ../../libs/lib-25:
    specifiers:
      typescript: 4.8.3
    devDependencies:
      typescript: 4.8.3

  ../../libs/lib-26:
    specifiers:
      typescript: 4.8.3
    devDependencies:
      typescript: 4.8.3

  ../../libs/lib-27:
    specifiers:
      typescript: 4.8.3
    devDependencies:
      typescript: 4.8.3

  ../../libs/lib-28:
    specifiers:
      typescript: 4.8.3
    devDependencies:
      typescript: 4.8.3

  ../../libs/lib-29:
    specifiers:
      typescript: 4.8.3
    devDependencies:
      typescript: 4.8.3

  ../../libs/lib-3:
    specifiers:
      typescript: 4.8.3
    devDependencies:
      typescript: 4.8.3

  ../../libs/lib-30:
    specifiers:
      typescript: 4.8.3
    devDependencies:
      typescript: 4.8.3

  ../../libs/lib-31:
    specifiers:
      typescript: 4.8.3
    devDependencies:
      typescript: 4.8.3

  ../../libs/lib-32:
    specifiers:
      typescript: 4.8.3
    devDependencies:
      typescript: 4.8.3

  ../../libs/lib-33:
    specifiers:
      typescript: 4.8.3
    devDependencies:
      typescript: 4.8.3

  ../../libs/lib-34:
    specifiers:
      typescript: 4.8.3
    devDependencies:
      typescript: 4.8.3

  ../../libs/lib-35:
    specifiers:
      typescript: 4.8.3
    devDependencies:
      typescript: 4.8.3

  ../../libs/lib-36:
    specifiers:
      typescript: 4.8.3
    devDependencies:
      typescript: 4.8.3

  ../../libs/lib-37:
    specifiers:
      typescript: 4.8.3
    devDependencies:
      typescript: 4.8.3

  ../../libs/lib-38:
    specifiers:
      typescript: 4.8.3
    devDependencies:
      typescript: 4.8.3

  ../../libs/lib-39:
    specifiers:
      typescript: 4.8.3
    devDependencies:
      typescript: 4.8.3

  ../../libs/lib-4:
    specifiers:
      typescript: 4.8.3
    devDependencies:
      typescript: 4.8.3

  ../../libs/lib-40:
    specifiers:
      typescript: 4.8.3
    devDependencies:
      typescript: 4.8.3

  ../../libs/lib-41:
    specifiers:
      typescript: 4.8.3
    devDependencies:
      typescript: 4.8.3

  ../../libs/lib-42:
    specifiers:
      typescript: 4.8.3
    devDependencies:
      typescript: 4.8.3

  ../../libs/lib-43:
    specifiers:
      typescript: 4.8.3
    devDependencies:
      typescript: 4.8.3

  ../../libs/lib-44:
    specifiers:
      typescript: 4.8.3
    devDependencies:
      typescript: 4.8.3

  ../../libs/lib-45:
    specifiers:
      typescript: 4.8.3
    devDependencies:
      typescript: 4.8.3

  ../../libs/lib-46:
    specifiers:
      typescript: 4.8.3
    devDependencies:
      typescript: 4.8.3

  ../../libs/lib-47:
    specifiers:
      typescript: 4.8.3
    devDependencies:
      typescript: 4.8.3

  ../../libs/lib-48:
    specifiers:
      typescript: 4.8.3
    devDependencies:
      typescript: 4.8.3

  ../../libs/lib-49:
    specifiers:
      typescript: 4.8.3
    devDependencies:
      typescript: 4.8.3

  ../../libs/lib-5:
    specifiers:
      typescript: 4.8.3
    devDependencies:
      typescript: 4.8.3

  ../../libs/lib-50:
    specifiers:
      typescript: 4.8.3
    devDependencies:
      typescript: 4.8.3

  ../../libs/lib-51:
    specifiers:
      typescript: 4.8.3
    devDependencies:
      typescript: 4.8.3

  ../../libs/lib-52:
    specifiers:
      typescript: 4.8.3
    devDependencies:
      typescript: 4.8.3

  ../../libs/lib-53:
    specifiers:
      typescript: 4.8.3
    devDependencies:
      typescript: 4.8.3

  ../../libs/lib-54:
    specifiers:
      typescript: 4.8.3
    devDependencies:
      typescript: 4.8.3

  ../../libs/lib-55:
    specifiers:
      typescript: 4.8.3
    devDependencies:
      typescript: 4.8.3

  ../../libs/lib-56:
    specifiers:
      typescript: 4.8.3
    devDependencies:
      typescript: 4.8.3

  ../../libs/lib-57:
    specifiers:
      typescript: 4.8.3
    devDependencies:
      typescript: 4.8.3

  ../../libs/lib-58:
    specifiers:
      typescript: 4.8.3
    devDependencies:
      typescript: 4.8.3

  ../../libs/lib-59:
    specifiers:
      typescript: 4.8.3
    devDependencies:
      typescript: 4.8.3

  ../../libs/lib-6:
    specifiers:
      typescript: 4.8.3
    devDependencies:
      typescript: 4.8.3

  ../../libs/lib-60:
    specifiers:
      typescript: 4.8.3
    devDependencies:
      typescript: 4.8.3

  ../../libs/lib-61:
    specifiers:
      typescript: 4.8.3
    devDependencies:
      typescript: 4.8.3

  ../../libs/lib-62:
    specifiers:
      typescript: 4.8.3
    devDependencies:
      typescript: 4.8.3

  ../../libs/lib-63:
    specifiers:
      typescript: 4.8.3
    devDependencies:
      typescript: 4.8.3

  ../../libs/lib-64:
    specifiers:
      typescript: 4.8.3
    devDependencies:
      typescript: 4.8.3

  ../../libs/lib-65:
    specifiers:
      typescript: 4.8.3
    devDependencies:
      typescript: 4.8.3

  ../../libs/lib-66:
    specifiers:
      typescript: 4.8.3
    devDependencies:
      typescript: 4.8.3

  ../../libs/lib-67:
    specifiers:
      typescript: 4.8.3
    devDependencies:
      typescript: 4.8.3

  ../../libs/lib-68:
    specifiers:
      typescript: 4.8.3
    devDependencies:
      typescript: 4.8.3

  ../../libs/lib-69:
    specifiers:
      typescript: 4.8.3
    devDependencies:
      typescript: 4.8.3

  ../../libs/lib-7:
    specifiers:
      typescript: 4.8.3
    devDependencies:
      typescript: 4.8.3

  ../../libs/lib-70:
    specifiers:
      typescript: 4.8.3
    devDependencies:
      typescript: 4.8.3

  ../../libs/lib-71:
    specifiers:
      typescript: 4.8.3
    devDependencies:
      typescript: 4.8.3

  ../../libs/lib-72:
    specifiers:
      typescript: 4.8.3
    devDependencies:
      typescript: 4.8.3

  ../../libs/lib-73:
    specifiers:
      typescript: 4.8.3
    devDependencies:
      typescript: 4.8.3

  ../../libs/lib-74:
    specifiers:
      typescript: 4.8.3
    devDependencies:
      typescript: 4.8.3

  ../../libs/lib-75:
    specifiers:
      typescript: 4.8.3
    devDependencies:
      typescript: 4.8.3

  ../../libs/lib-76:
    specifiers:
      typescript: 4.8.3
    devDependencies:
      typescript: 4.8.3

  ../../libs/lib-77:
    specifiers:
      typescript: 4.8.3
    devDependencies:
      typescript: 4.8.3

  ../../libs/lib-78:
    specifiers:
      typescript: 4.8.3
    devDependencies:
      typescript: 4.8.3

  ../../libs/lib-79:
    specifiers:
      typescript: 4.8.3
    devDependencies:
      typescript: 4.8.3

  ../../libs/lib-8:
    specifiers:
      typescript: 4.8.3
    devDependencies:
      typescript: 4.8.3

  ../../libs/lib-80:
    specifiers:
      typescript: 4.8.3
    devDependencies:
      typescript: 4.8.3

  ../../libs/lib-81:
    specifiers:
      typescript: 4.8.3
    devDependencies:
      typescript: 4.8.3

  ../../libs/lib-82:
    specifiers:
      typescript: 4.8.3
    devDependencies:
      typescript: 4.8.3

  ../../libs/lib-83:
    specifiers:
      typescript: 4.8.3
    devDependencies:
      typescript: 4.8.3

  ../../libs/lib-84:
    specifiers:
      typescript: 4.8.3
    devDependencies:
      typescript: 4.8.3

  ../../libs/lib-85:
    specifiers:
      typescript: 4.8.3
    devDependencies:
      typescript: 4.8.3

  ../../libs/lib-86:
    specifiers:
      typescript: 4.8.3
    devDependencies:
      typescript: 4.8.3

  ../../libs/lib-87:
    specifiers:
      typescript: 4.8.3
    devDependencies:
      typescript: 4.8.3

  ../../libs/lib-88:
    specifiers:
      typescript: 4.8.3
    devDependencies:
      typescript: 4.8.3

  ../../libs/lib-89:
    specifiers:
      typescript: 4.8.3
    devDependencies:
      typescript: 4.8.3

  ../../libs/lib-9:
    specifiers:
      typescript: 4.8.3
    devDependencies:
      typescript: 4.8.3

  ../../libs/lib-90:
    specifiers:
      typescript: 4.8.3
    devDependencies:
      typescript: 4.8.3

  ../../libs/lib-91:
    specifiers:
      typescript: 4.8.3
    devDependencies:
      typescript: 4.8.3

  ../../libs/lib-92:
    specifiers:
      typescript: 4.8.3
    devDependencies:
      typescript: 4.8.3

  ../../libs/lib-93:
    specifiers:
      typescript: 4.8.3
    devDependencies:
      typescript: 4.8.3

  ../../libs/lib-94:
    specifiers:
      typescript: 4.8.3
    devDependencies:
      typescript: 4.8.3

  ../../libs/lib-95:
    specifiers:
      typescript: 4.8.3
    devDependencies:
      typescript: 4.8.3

  ../../libs/lib-96:
    specifiers:
      typescript: 4.8.3
    devDependencies:
      typescript: 4.8.3

  ../../libs/lib-97:
    specifiers:
      typescript: 4.8.3
    devDependencies:
      typescript: 4.8.3

  ../../libs/lib-98:
    specifiers:
      typescript: 4.8.3
    devDependencies:
      typescript: 4.8.3

  ../../libs/lib-99:
    specifiers:
      typescript: 4.8.3
    devDependencies:
      typescript: 4.8.3

packages:

  /typescript/4.8.3:
    resolution: {integrity: sha512-goMHfm00nWPa8UvR/CPSvykqf6dVV8x/dp0c5mFTMTIu0u0FlGWRioyy7Nn0PGAdHxpJZnuO/ut+PpQ8UiHAig==}
    engines: {node: '>=4.2.0'}
    hasBin: true
    dev: true
